
Microsoft Visual Studio Solution File, Format Version 12.00
# Visual Studio Version 16
VisualStudioVersion = 16.0.31702.278
MinimumVisualStudioVersion = 10.0.40219.1
Project("{2150E333-8FDC-42A3-9474-1A3956D46DE8}") = "Solution Items", "Solution Items", "{39B5B8FD-2CC1-4BCC-AA9E-BD85594B4BC3}"
	ProjectSection(SolutionItems) = preProject
		Readme.md = Readme.md
	EndProjectSection
EndProject
Project("{FAE04EC0-301F-11D3-BF4B-00C04F79EFBC}") = "ShopLinhKienMayTinhLamBaoCaoMonLTWNC", "ShopLinhKienMayTinhLamBaoCaoMonLTWNC\ShopLinhKienMayTinhLamBaoCaoMonLTWNC.csproj", "{07A22A08-407C-4D95-B1B1-3310F80DA0E5}"
EndProject
Project("{FAE04EC0-301F-11D3-BF4B-00C04F79EFBC}") = "Models", "Models\Models.csproj", "{B0222837-A65A-42B0-9D09-154BF13039CF}"
EndProject
Global
	GlobalSection(SolutionConfigurationPlatforms) = preSolution
		Debug|Any CPU = Debug|Any CPU
		Release|Any CPU = Release|Any CPU
	EndGlobalSection
	GlobalSection(ProjectConfigurationPlatforms) = postSolution
		{07A22A08-407C-4D95-B1B1-3310F80DA0E5}.Debug|Any CPU.ActiveCfg = Debug|Any CPU
		{07A22A08-407C-4D95-B1B1-3310F80DA0E5}.Debug|Any CPU.Build.0 = Debug|Any CPU
		{07A22A08-407C-4D95-B1B1-3310F80DA0E5}.Release|Any CPU.ActiveCfg = Release|Any CPU
		{07A22A08-407C-4D95-B1B1-3310F80DA0E5}.Release|Any CPU.Build.0 = Release|Any CPU
		{B0222837-A65A-42B0-9D09-154BF13039CF}.Debug|Any CPU.ActiveCfg = Debug|Any CPU
		{B0222837-A65A-42B0-9D09-154BF13039CF}.Debug|Any CPU.Build.0 = Debug|Any CPU
		{B0222837-A65A-42B0-9D09-154BF13039CF}.Release|Any CPU.ActiveCfg = Release|Any CPU
		{B0222837-A65A-42B0-9D09-154BF13039CF}.Release|Any CPU.Build.0 = Release|Any CPU
	EndGlobalSection
	GlobalSection(SolutionProperties) = preSolution
		HideSolutionNode = FALSE
	EndGlobalSection
	GlobalSection(ExtensibilityGlobals) = postSolution
		SolutionGuid = {9235DB65-0005-421E-84A1-4159343AD9B4}
	EndGlobalSection
EndGlobal
